
Microsoft Visual Studio Solution File, Format Version 11.00
# Visual Studio 2010
Project("{54435603-DBB4-11D2-8724-00A0C9A8B90C}") = "T5SuiteII", "T5SuiteII\T5SuiteII.vdproj", "{7CC4398C-8B62-4508-B892-99FE47D68486}"
EndProject
Project("{FAE04EC0-301F-11D3-BF4B-00C04F79EFBC}") = "AquaGauge", "AquaGauge\AquaGauge.csproj", "{0E5542E0-FC5D-4F67-950D-9F28C5D1225A}"
EndProject
Project("{FAE04EC0-301F-11D3-BF4B-00C04F79EFBC}") = "OnlineGraph", "OnlineGraph\OnlineGraph.csproj", "{7EA8094A-BB8A-4251-92CD-292DFC7A6949}"
	ProjectSection(ProjectDependencies) = postProject
		{98096340-5853-42D0-8B2F-1CD364C5A152} = {98096340-5853-42D0-8B2F-1CD364C5A152}
	EndProjectSection
EndProject
Project("{FAE04EC0-301F-11D3-BF4B-00C04F79EFBC}") = "ProCharts", "ProCharts\ProCharts.csproj", "{0BB66EC6-FA22-4431-9046-DFC15628ACC6}"
EndProject
Project("{FAE04EC0-301F-11D3-BF4B-00C04F79EFBC}") = "ProGauges", "ProGauges\ProGauges.csproj", "{A53A3F2C-5553-405D-BAF0-DE5C779D3E7B}"
	ProjectSection(ProjectDependencies) = postProject
		{5D082F88-4290-4049-9984-FCB126A7BD4E} = {5D082F88-4290-4049-9984-FCB126A7BD4E}
	EndProjectSection
EndProject
Project("{FAE04EC0-301F-11D3-BF4B-00C04F79EFBC}") = "RealtimeGraph", "RealtimeGraph\RealtimeGraph.csproj", "{FFB5F5BC-D457-495B-B1B2-7722DF0BF59D}"
EndProject
Project("{FAE04EC0-301F-11D3-BF4B-00C04F79EFBC}") = "SuiteLauncher", "SuiteLauncher\SuiteLauncher.csproj", "{6DCFB06D-4B31-4D4E-BF49-41F5285B396B}"
EndProject
Project("{FAE04EC0-301F-11D3-BF4B-00C04F79EFBC}") = "Trionic5Controls", "Trionic5Controls\Trionic5Controls.csproj", "{4D0225D3-8C62-4BB5-A769-F8BE77A93ECB}"
EndProject
Project("{FAE04EC0-301F-11D3-BF4B-00C04F79EFBC}") = "Trionic5Tools", "Trionic5Tools\Trionic5Tools.csproj", "{1FC2C6BB-BBAD-43C3-8EB2-2A17A3F9CE09}"
EndProject
Project("{FAE04EC0-301F-11D3-BF4B-00C04F79EFBC}") = "WakeupCANbus", "WakeupCANbus\WakeupCANbus.csproj", "{DCD7A038-CEC3-4D29-9B59-74091040CA5A}"
EndProject
Project("{FAE04EC0-301F-11D3-BF4B-00C04F79EFBC}") = "T5Suite2", "T5Suite2.0\T5Suite2.csproj", "{E3DB7BD0-003A-4CF8-8486-E9972952D4FE}"
	ProjectSection(ProjectDependencies) = postProject
		{A53A3F2C-5553-405D-BAF0-DE5C779D3E7B} = {A53A3F2C-5553-405D-BAF0-DE5C779D3E7B}
		{DCD7A038-CEC3-4D29-9B59-74091040CA5A} = {DCD7A038-CEC3-4D29-9B59-74091040CA5A}
		{98096340-5853-42D0-8B2F-1CD364C5A152} = {98096340-5853-42D0-8B2F-1CD364C5A152}
		{7EA8094A-BB8A-4251-92CD-292DFC7A6949} = {7EA8094A-BB8A-4251-92CD-292DFC7A6949}
		{26C5F25F-B450-4CAF-AD8B-B8D11AE73457} = {26C5F25F-B450-4CAF-AD8B-B8D11AE73457}
		{6DCFB06D-4B31-4D4E-BF49-41F5285B396B} = {6DCFB06D-4B31-4D4E-BF49-41F5285B396B}
		{5D082F88-4290-4049-9984-FCB126A7BD4E} = {5D082F88-4290-4049-9984-FCB126A7BD4E}
		{2D18BE89-D210-49EB-A9DD-2246FBB3DF6D} = {2D18BE89-D210-49EB-A9DD-2246FBB3DF6D}
		{0BB66EC6-FA22-4431-9046-DFC15628ACC6} = {0BB66EC6-FA22-4431-9046-DFC15628ACC6}
		{B4218BC9-9736-42B9-BC99-7903FDBEBA28} = {B4218BC9-9736-42B9-BC99-7903FDBEBA28}
		{0E5542E0-FC5D-4F67-950D-9F28C5D1225A} = {0E5542E0-FC5D-4F67-950D-9F28C5D1225A}
	EndProjectSection
EndProject
Project("{FAE04EC0-301F-11D3-BF4B-00C04F79EFBC}") = "ICSharpCode.TextEditor", "ICSharpCode.TextEditor\Project\ICSharpCode.TextEditor.csproj", "{2D18BE89-D210-49EB-A9DD-2246FBB3DF6D}"
EndProject
Project("{FAE04EC0-301F-11D3-BF4B-00C04F79EFBC}") = "LBIndustrialCtrls", "LBIndustrialCtrls\LBIndustrialCtrls.csproj", "{B4218BC9-9736-42B9-BC99-7903FDBEBA28}"
EndProject
Project("{FAE04EC0-301F-11D3-BF4B-00C04F79EFBC}") = "T5CANLib", "T5CANLib\T5CANLib.csproj", "{5DB5BB8D-7EA1-456F-928F-7B047AB2EA28}"
EndProject
Project("{FAE04EC0-301F-11D3-BF4B-00C04F79EFBC}") = "LEDRadioButton", "radiobutton\LEDRadioButton.csproj", "{98096340-5853-42D0-8B2F-1CD364C5A152}"
EndProject
Project("{FAE04EC0-301F-11D3-BF4B-00C04F79EFBC}") = "Owf.Controls.DigitalDisplayControl", "Owf.Controls.DigitalDisplayControl\Owf.Controls.DigitalDisplayControl.csproj", "{5D082F88-4290-4049-9984-FCB126A7BD4E}"
EndProject
Project("{FAE04EC0-301F-11D3-BF4B-00C04F79EFBC}") = "PSTaskDialog", "PSTaskDialog\PSTaskDialog.csproj", "{0253E98B-6374-48AA-8740-89BC2939FF77}"
EndProject
Project("{FAE04EC0-301F-11D3-BF4B-00C04F79EFBC}") = "MouseGestures", "MouseGestures\MouseGestures.csproj", "{2C512854-EF74-49E7-A152-7413EF161E7A}"
EndProject
Project("{FAE04EC0-301F-11D3-BF4B-00C04F79EFBC}") = "Be.Windows.Forms.HexBox", "Be.HexEditor.130\sources\Be.Windows.Forms.HexBox\Be.Windows.Forms.HexBox.csproj", "{26C5F25F-B450-4CAF-AD8B-B8D11AE73457}"
EndProject
Global
	GlobalSection(SolutionConfigurationPlatforms) = preSolution
		Debug|Any CPU = Debug|Any CPU
		Debug|x86 = Debug|x86
		Release|Any CPU = Release|Any CPU
		Release|x86 = Release|x86
	EndGlobalSection
	GlobalSection(ProjectConfigurationPlatforms) = postSolution
		{7CC4398C-8B62-4508-B892-99FE47D68486}.Debug|Any CPU.ActiveCfg = Debug
		{7CC4398C-8B62-4508-B892-99FE47D68486}.Debug|Any CPU.Build.0 = Debug
		{7CC4398C-8B62-4508-B892-99FE47D68486}.Debug|x86.ActiveCfg = Debug
		{7CC4398C-8B62-4508-B892-99FE47D68486}.Debug|x86.Build.0 = Debug
		{7CC4398C-8B62-4508-B892-99FE47D68486}.Release|Any CPU.ActiveCfg = Release
		{7CC4398C-8B62-4508-B892-99FE47D68486}.Release|Any CPU.Build.0 = Release
		{7CC4398C-8B62-4508-B892-99FE47D68486}.Release|x86.ActiveCfg = Release
		{7CC4398C-8B62-4508-B892-99FE47D68486}.Release|x86.Build.0 = Release
		{0E5542E0-FC5D-4F67-950D-9F28C5D1225A}.Debug|Any CPU.ActiveCfg = Debug|Any CPU
		{0E5542E0-FC5D-4F67-950D-9F28C5D1225A}.Debug|Any CPU.Build.0 = Debug|Any CPU
		{0E5542E0-FC5D-4F67-950D-9F28C5D1225A}.Debug|x86.ActiveCfg = Debug|x86
		{0E5542E0-FC5D-4F67-950D-9F28C5D1225A}.Debug|x86.Build.0 = Debug|x86
		{0E5542E0-FC5D-4F67-950D-9F28C5D1225A}.Release|Any CPU.ActiveCfg = Release|Any CPU
		{0E5542E0-FC5D-4F67-950D-9F28C5D1225A}.Release|Any CPU.Build.0 = Release|Any CPU
		{0E5542E0-FC5D-4F67-950D-9F28C5D1225A}.Release|x86.ActiveCfg = Release|x86
		{0E5542E0-FC5D-4F67-950D-9F28C5D1225A}.Release|x86.Build.0 = Release|x86
		{7EA8094A-BB8A-4251-92CD-292DFC7A6949}.Debug|Any CPU.ActiveCfg = Debug|Any CPU
		{7EA8094A-BB8A-4251-92CD-292DFC7A6949}.Debug|Any CPU.Build.0 = Debug|Any CPU
		{7EA8094A-BB8A-4251-92CD-292DFC7A6949}.Debug|x86.ActiveCfg = Debug|x86
		{7EA8094A-BB8A-4251-92CD-292DFC7A6949}.Debug|x86.Build.0 = Debug|x86
		{7EA8094A-BB8A-4251-92CD-292DFC7A6949}.Release|Any CPU.ActiveCfg = Release|Any CPU
		{7EA8094A-BB8A-4251-92CD-292DFC7A6949}.Release|Any CPU.Build.0 = Release|Any CPU
		{7EA8094A-BB8A-4251-92CD-292DFC7A6949}.Release|x86.ActiveCfg = Release|x86
		{7EA8094A-BB8A-4251-92CD-292DFC7A6949}.Release|x86.Build.0 = Release|x86
		{0BB66EC6-FA22-4431-9046-DFC15628ACC6}.Debug|Any CPU.ActiveCfg = Debug|Any CPU
		{0BB66EC6-FA22-4431-9046-DFC15628ACC6}.Debug|Any CPU.Build.0 = Debug|Any CPU
		{0BB66EC6-FA22-4431-9046-DFC15628ACC6}.Debug|x86.ActiveCfg = Debug|x86
		{0BB66EC6-FA22-4431-9046-DFC15628ACC6}.Debug|x86.Build.0 = Debug|x86
		{0BB66EC6-FA22-4431-9046-DFC15628ACC6}.Release|Any CPU.ActiveCfg = Release|Any CPU
		{0BB66EC6-FA22-4431-9046-DFC15628ACC6}.Release|Any CPU.Build.0 = Release|Any CPU
		{0BB66EC6-FA22-4431-9046-DFC15628ACC6}.Release|x86.ActiveCfg = Release|x86
		{0BB66EC6-FA22-4431-9046-DFC15628ACC6}.Release|x86.Build.0 = Release|x86
		{A53A3F2C-5553-405D-BAF0-DE5C779D3E7B}.Debug|Any CPU.ActiveCfg = Debug|Any CPU
		{A53A3F2C-5553-405D-BAF0-DE5C779D3E7B}.Debug|Any CPU.Build.0 = Debug|Any CPU
		{A53A3F2C-5553-405D-BAF0-DE5C779D3E7B}.Debug|x86.ActiveCfg = Debug|x86
		{A53A3F2C-5553-405D-BAF0-DE5C779D3E7B}.Debug|x86.Build.0 = Debug|x86
		{A53A3F2C-5553-405D-BAF0-DE5C779D3E7B}.Release|Any CPU.ActiveCfg = Release|Any CPU
		{A53A3F2C-5553-405D-BAF0-DE5C779D3E7B}.Release|Any CPU.Build.0 = Release|Any CPU
		{A53A3F2C-5553-405D-BAF0-DE5C779D3E7B}.Release|x86.ActiveCfg = Release|x86
		{A53A3F2C-5553-405D-BAF0-DE5C779D3E7B}.Release|x86.Build.0 = Release|x86
		{FFB5F5BC-D457-495B-B1B2-7722DF0BF59D}.Debug|Any CPU.ActiveCfg = Debug|Any CPU
		{FFB5F5BC-D457-495B-B1B2-7722DF0BF59D}.Debug|Any CPU.Build.0 = Debug|Any CPU
		{FFB5F5BC-D457-495B-B1B2-7722DF0BF59D}.Debug|x86.ActiveCfg = Debug|x86
		{FFB5F5BC-D457-495B-B1B2-7722DF0BF59D}.Debug|x86.Build.0 = Debug|x86
		{FFB5F5BC-D457-495B-B1B2-7722DF0BF59D}.Release|Any CPU.ActiveCfg = Release|Any CPU
		{FFB5F5BC-D457-495B-B1B2-7722DF0BF59D}.Release|Any CPU.Build.0 = Release|Any CPU
		{FFB5F5BC-D457-495B-B1B2-7722DF0BF59D}.Release|x86.ActiveCfg = Release|x86
		{FFB5F5BC-D457-495B-B1B2-7722DF0BF59D}.Release|x86.Build.0 = Release|x86
		{6DCFB06D-4B31-4D4E-BF49-41F5285B396B}.Debug|Any CPU.ActiveCfg = Debug|Any CPU
		{6DCFB06D-4B31-4D4E-BF49-41F5285B396B}.Debug|Any CPU.Build.0 = Debug|Any CPU
		{6DCFB06D-4B31-4D4E-BF49-41F5285B396B}.Debug|x86.ActiveCfg = Debug|Any CPU
		{6DCFB06D-4B31-4D4E-BF49-41F5285B396B}.Release|Any CPU.ActiveCfg = Release|Any CPU
		{6DCFB06D-4B31-4D4E-BF49-41F5285B396B}.Release|Any CPU.Build.0 = Release|Any CPU
		{6DCFB06D-4B31-4D4E-BF49-41F5285B396B}.Release|x86.ActiveCfg = Release|Any CPU
		{6DCFB06D-4B31-4D4E-BF49-41F5285B396B}.Release|x86.Build.0 = Release|Any CPU
		{4D0225D3-8C62-4BB5-A769-F8BE77A93ECB}.Debug|Any CPU.ActiveCfg = Debug|Any CPU
		{4D0225D3-8C62-4BB5-A769-F8BE77A93ECB}.Debug|Any CPU.Build.0 = Debug|Any CPU
		{4D0225D3-8C62-4BB5-A769-F8BE77A93ECB}.Debug|x86.ActiveCfg = Debug|x86
		{4D0225D3-8C62-4BB5-A769-F8BE77A93ECB}.Debug|x86.Build.0 = Debug|x86
		{4D0225D3-8C62-4BB5-A769-F8BE77A93ECB}.Release|Any CPU.ActiveCfg = Release|Any CPU
		{4D0225D3-8C62-4BB5-A769-F8BE77A93ECB}.Release|Any CPU.Build.0 = Release|Any CPU
		{4D0225D3-8C62-4BB5-A769-F8BE77A93ECB}.Release|x86.ActiveCfg = Release|x86
		{4D0225D3-8C62-4BB5-A769-F8BE77A93ECB}.Release|x86.Build.0 = Release|x86
		{1FC2C6BB-BBAD-43C3-8EB2-2A17A3F9CE09}.Debug|Any CPU.ActiveCfg = Debug|Any CPU
		{1FC2C6BB-BBAD-43C3-8EB2-2A17A3F9CE09}.Debug|Any CPU.Build.0 = Debug|Any CPU
		{1FC2C6BB-BBAD-43C3-8EB2-2A17A3F9CE09}.Debug|x86.ActiveCfg = Debug|x86
		{1FC2C6BB-BBAD-43C3-8EB2-2A17A3F9CE09}.Debug|x86.Build.0 = Debug|x86
		{1FC2C6BB-BBAD-43C3-8EB2-2A17A3F9CE09}.Release|Any CPU.ActiveCfg = Release|Any CPU
		{1FC2C6BB-BBAD-43C3-8EB2-2A17A3F9CE09}.Release|Any CPU.Build.0 = Release|Any CPU
		{1FC2C6BB-BBAD-43C3-8EB2-2A17A3F9CE09}.Release|x86.ActiveCfg = Release|x86
		{1FC2C6BB-BBAD-43C3-8EB2-2A17A3F9CE09}.Release|x86.Build.0 = Release|x86
		{DCD7A038-CEC3-4D29-9B59-74091040CA5A}.Debug|Any CPU.ActiveCfg = Debug|Any CPU
		{DCD7A038-CEC3-4D29-9B59-74091040CA5A}.Debug|Any CPU.Build.0 = Debug|Any CPU
		{DCD7A038-CEC3-4D29-9B59-74091040CA5A}.Debug|x86.ActiveCfg = Debug|x86
		{DCD7A038-CEC3-4D29-9B59-74091040CA5A}.Debug|x86.Build.0 = Debug|x86
		{DCD7A038-CEC3-4D29-9B59-74091040CA5A}.Release|Any CPU.ActiveCfg = Release|Any CPU
		{DCD7A038-CEC3-4D29-9B59-74091040CA5A}.Release|Any CPU.Build.0 = Release|Any CPU
		{DCD7A038-CEC3-4D29-9B59-74091040CA5A}.Release|x86.ActiveCfg = Release|x86
		{DCD7A038-CEC3-4D29-9B59-74091040CA5A}.Release|x86.Build.0 = Release|x86
		{E3DB7BD0-003A-4CF8-8486-E9972952D4FE}.Debug|Any CPU.ActiveCfg = Debug|Any CPU
		{E3DB7BD0-003A-4CF8-8486-E9972952D4FE}.Debug|Any CPU.Build.0 = Debug|Any CPU
		{E3DB7BD0-003A-4CF8-8486-E9972952D4FE}.Debug|x86.ActiveCfg = Debug|x86
		{E3DB7BD0-003A-4CF8-8486-E9972952D4FE}.Debug|x86.Build.0 = Debug|x86
		{E3DB7BD0-003A-4CF8-8486-E9972952D4FE}.Release|Any CPU.ActiveCfg = Release|Any CPU
		{E3DB7BD0-003A-4CF8-8486-E9972952D4FE}.Release|Any CPU.Build.0 = Release|Any CPU
		{E3DB7BD0-003A-4CF8-8486-E9972952D4FE}.Release|x86.ActiveCfg = Release|x86
		{E3DB7BD0-003A-4CF8-8486-E9972952D4FE}.Release|x86.Build.0 = Release|x86
		{2D18BE89-D210-49EB-A9DD-2246FBB3DF6D}.Debug|Any CPU.ActiveCfg = Debug|Any CPU
		{2D18BE89-D210-49EB-A9DD-2246FBB3DF6D}.Debug|Any CPU.Build.0 = Debug|Any CPU
		{2D18BE89-D210-49EB-A9DD-2246FBB3DF6D}.Debug|x86.ActiveCfg = Debug|Any CPU
		{2D18BE89-D210-49EB-A9DD-2246FBB3DF6D}.Release|Any CPU.ActiveCfg = Release|Any CPU
		{2D18BE89-D210-49EB-A9DD-2246FBB3DF6D}.Release|Any CPU.Build.0 = Release|Any CPU
		{2D18BE89-D210-49EB-A9DD-2246FBB3DF6D}.Release|x86.ActiveCfg = Release|Any CPU
		{2D18BE89-D210-49EB-A9DD-2246FBB3DF6D}.Release|x86.Build.0 = Release|Any CPU
		{B4218BC9-9736-42B9-BC99-7903FDBEBA28}.Debug|Any CPU.ActiveCfg = Debug|Any CPU
		{B4218BC9-9736-42B9-BC99-7903FDBEBA28}.Debug|Any CPU.Build.0 = Debug|Any CPU
		{B4218BC9-9736-42B9-BC99-7903FDBEBA28}.Debug|x86.ActiveCfg = Debug|x86
		{B4218BC9-9736-42B9-BC99-7903FDBEBA28}.Debug|x86.Build.0 = Debug|x86
		{B4218BC9-9736-42B9-BC99-7903FDBEBA28}.Release|Any CPU.ActiveCfg = Release|Any CPU
		{B4218BC9-9736-42B9-BC99-7903FDBEBA28}.Release|Any CPU.Build.0 = Release|Any CPU
		{B4218BC9-9736-42B9-BC99-7903FDBEBA28}.Release|x86.ActiveCfg = Release|x86
		{B4218BC9-9736-42B9-BC99-7903FDBEBA28}.Release|x86.Build.0 = Release|x86
		{5DB5BB8D-7EA1-456F-928F-7B047AB2EA28}.Debug|Any CPU.ActiveCfg = Debug|Any CPU
		{5DB5BB8D-7EA1-456F-928F-7B047AB2EA28}.Debug|Any CPU.Build.0 = Debug|Any CPU
		{5DB5BB8D-7EA1-456F-928F-7B047AB2EA28}.Debug|x86.ActiveCfg = Debug|x86
		{5DB5BB8D-7EA1-456F-928F-7B047AB2EA28}.Debug|x86.Build.0 = Debug|x86
		{5DB5BB8D-7EA1-456F-928F-7B047AB2EA28}.Release|Any CPU.ActiveCfg = Release|Any CPU
		{5DB5BB8D-7EA1-456F-928F-7B047AB2EA28}.Release|Any CPU.Build.0 = Release|Any CPU
		{5DB5BB8D-7EA1-456F-928F-7B047AB2EA28}.Release|x86.ActiveCfg = Release|x86
		{5DB5BB8D-7EA1-456F-928F-7B047AB2EA28}.Release|x86.Build.0 = Release|x86
		{98096340-5853-42D0-8B2F-1CD364C5A152}.Debug|Any CPU.ActiveCfg = Debug|Any CPU
		{98096340-5853-42D0-8B2F-1CD364C5A152}.Debug|Any CPU.Build.0 = Debug|Any CPU
		{98096340-5853-42D0-8B2F-1CD364C5A152}.Debug|x86.ActiveCfg = Debug|Any CPU
		{98096340-5853-42D0-8B2F-1CD364C5A152}.Release|Any CPU.ActiveCfg = Release|Any CPU
		{98096340-5853-42D0-8B2F-1CD364C5A152}.Release|Any CPU.Build.0 = Release|Any CPU
		{98096340-5853-42D0-8B2F-1CD364C5A152}.Release|x86.ActiveCfg = Release|Any CPU
		{98096340-5853-42D0-8B2F-1CD364C5A152}.Release|x86.Build.0 = Release|Any CPU
		{5D082F88-4290-4049-9984-FCB126A7BD4E}.Debug|Any CPU.ActiveCfg = Debug|Any CPU
		{5D082F88-4290-4049-9984-FCB126A7BD4E}.Debug|Any CPU.Build.0 = Debug|Any CPU
		{5D082F88-4290-4049-9984-FCB126A7BD4E}.Debug|x86.ActiveCfg = Debug|Any CPU
		{5D082F88-4290-4049-9984-FCB126A7BD4E}.Release|Any CPU.ActiveCfg = Release|Any CPU
		{5D082F88-4290-4049-9984-FCB126A7BD4E}.Release|Any CPU.Build.0 = Release|Any CPU
		{5D082F88-4290-4049-9984-FCB126A7BD4E}.Release|x86.ActiveCfg = Release|Any CPU
		{5D082F88-4290-4049-9984-FCB126A7BD4E}.Release|x86.Build.0 = Release|Any CPU
		{0253E98B-6374-48AA-8740-89BC2939FF77}.Debug|Any CPU.ActiveCfg = Debug|Any CPU
		{0253E98B-6374-48AA-8740-89BC2939FF77}.Debug|Any CPU.Build.0 = Debug|Any CPU
		{0253E98B-6374-48AA-8740-89BC2939FF77}.Debug|x86.ActiveCfg = Debug|Any CPU
		{0253E98B-6374-48AA-8740-89BC2939FF77}.Release|Any CPU.ActiveCfg = Release|Any CPU
		{0253E98B-6374-48AA-8740-89BC2939FF77}.Release|Any CPU.Build.0 = Release|Any CPU
		{0253E98B-6374-48AA-8740-89BC2939FF77}.Release|x86.ActiveCfg = Release|Any CPU
		{0253E98B-6374-48AA-8740-89BC2939FF77}.Release|x86.Build.0 = Release|Any CPU
		{2C512854-EF74-49E7-A152-7413EF161E7A}.Debug|Any CPU.ActiveCfg = Debug|Any CPU
		{2C512854-EF74-49E7-A152-7413EF161E7A}.Debug|Any CPU.Build.0 = Debug|Any CPU
		{2C512854-EF74-49E7-A152-7413EF161E7A}.Debug|x86.ActiveCfg = Debug|Any CPU
		{2C512854-EF74-49E7-A152-7413EF161E7A}.Release|Any CPU.ActiveCfg = Release|Any CPU
		{2C512854-EF74-49E7-A152-7413EF161E7A}.Release|Any CPU.Build.0 = Release|Any CPU
		{2C512854-EF74-49E7-A152-7413EF161E7A}.Release|x86.ActiveCfg = Release|Any CPU
		{2C512854-EF74-49E7-A152-7413EF161E7A}.Release|x86.Build.0 = Release|Any CPU
		{26C5F25F-B450-4CAF-AD8B-B8D11AE73457}.Debug|Any CPU.ActiveCfg = Debug|Any CPU
		{26C5F25F-B450-4CAF-AD8B-B8D11AE73457}.Debug|Any CPU.Build.0 = Debug|Any CPU
		{26C5F25F-B450-4CAF-AD8B-B8D11AE73457}.Debug|x86.ActiveCfg = Debug|Any CPU
		{26C5F25F-B450-4CAF-AD8B-B8D11AE73457}.Release|Any CPU.ActiveCfg = Release|Any CPU
		{26C5F25F-B450-4CAF-AD8B-B8D11AE73457}.Release|Any CPU.Build.0 = Release|Any CPU
		{26C5F25F-B450-4CAF-AD8B-B8D11AE73457}.Release|x86.ActiveCfg = Release|Any CPU
		{26C5F25F-B450-4CAF-AD8B-B8D11AE73457}.Release|x86.Build.0 = Release|Any CPU
	EndGlobalSection
	GlobalSection(SolutionProperties) = preSolution
		HideSolutionNode = FALSE
	EndGlobalSection
EndGlobal
