
Microsoft Visual Studio Solution File, Format Version 10.00
# Visual Studio 2008
Project("{FAE04EC0-301F-11D3-BF4B-00C04F79EFBC}") = "T7", "T7\T7.csproj", "{3FD286B8-0E90-44EF-861E-490D16A8ABD2}"
EndProject
Project("{FAE04EC0-301F-11D3-BF4B-00C04F79EFBC}") = "InfoFileParser", "InfoFileParser\InfoFileParser.csproj", "{D4059D77-DDA1-4B76-8FFB-D5434D934D37}"
EndProject
Project("{54435603-DBB4-11D2-8724-00A0C9A8B90C}") = "T7Suite", "T7Suite\T7Suite.vdproj", "{61C5605C-0002-45FF-B9AC-B3E131BFC13E}"
EndProject
Project("{FAE04EC0-301F-11D3-BF4B-00C04F79EFBC}") = "T7BinExtractor", "T7BinExtractor\T7BinExtractor.csproj", "{BD3F077C-AAB4-4A2D-A7AB-B5751AB897C6}"
EndProject
Project("{FAE04EC0-301F-11D3-BF4B-00C04F79EFBC}") = "T7Tool", "..\T7Tool\T7Tool.csproj", "{9C82AC4D-D4DF-48E9-9D79-241CBF0B45E6}"
EndProject
Project("{FAE04EC0-301F-11D3-BF4B-00C04F79EFBC}") = "T7BinLibrary", "T7BinLibrary\T7BinLibrary.csproj", "{3464C52A-C980-4BC7-A87E-177636789BFE}"
EndProject
Project("{FAE04EC0-301F-11D3-BF4B-00C04F79EFBC}") = "T7Decode", "T7Decode\T7Decode.csproj", "{3B2611EA-C3AB-4F06-964E-CAF0FE7DFCA0}"
EndProject
Project("{FAE04EC0-301F-11D3-BF4B-00C04F79EFBC}") = "DoubleTester", "DoubleTester\DoubleTester.csproj", "{61628EFA-DD3B-4889-B327-08A7F0D796A3}"
EndProject
Project("{FAE04EC0-301F-11D3-BF4B-00C04F79EFBC}") = "T7CANFlasher", "T7CANFlasher\T7CANFlasher.csproj", "{AC3A8E16-F3F5-4DAC-8EDF-E8251AF6B4C2}"
EndProject
Project("{54435603-DBB4-11D2-8724-00A0C9A8B90C}") = "T7Flash", "T7Flash\T7Flash.vdproj", "{888CCFF9-3452-4239-A8CB-FBA0E6826B94}"
EndProject
Project("{FAE04EC0-301F-11D3-BF4B-00C04F79EFBC}") = "PCCConvert", "PCCConvert\PCCConvert.csproj", "{73030EB2-50E8-4523-8C37-5F063AF900C4}"
EndProject
Project("{FAE04EC0-301F-11D3-BF4B-00C04F79EFBC}") = "AquaGauge", "AquaGauge\AquaGauge.csproj", "{0E5542E0-FC5D-4F67-950D-9F28C5D1225A}"
EndProject
Project("{FAE04EC0-301F-11D3-BF4B-00C04F79EFBC}") = "LBIndustrialCtrls", "LBIndustrialCtrls\LBIndustrialCtrls.csproj", "{B4218BC9-9736-42B9-BC99-7903FDBEBA28}"
EndProject
Project("{FAE04EC0-301F-11D3-BF4B-00C04F79EFBC}") = "ProCharts", "ProCharts\ProCharts.csproj", "{0BB66EC6-FA22-4431-9046-DFC15628ACC6}"
EndProject
Project("{FAE04EC0-301F-11D3-BF4B-00C04F79EFBC}") = "ProGauges", "ProGauges\ProGauges.csproj", "{A53A3F2C-5553-405D-BAF0-DE5C779D3E7B}"
EndProject
Project("{FAE04EC0-301F-11D3-BF4B-00C04F79EFBC}") = "RealtimeGraph", "RealtimeGraph\RealtimeGraph.csproj", "{FFB5F5BC-D457-495B-B1B2-7722DF0BF59D}"
EndProject
Project("{FAE04EC0-301F-11D3-BF4B-00C04F79EFBC}") = "WakeupCANbus", "WakeupCANbus\WakeupCANbus.csproj", "{E84D22DD-4C5C-402D-89E9-3075702BB3F9}"
EndProject
Project("{FAE04EC0-301F-11D3-BF4B-00C04F79EFBC}") = "BinPowerScanner", "BinPowerScanner\BinPowerScanner.csproj", "{FF4AA423-EEC2-497D-B68A-DDD9250EB047}"
EndProject
Project("{FAE04EC0-301F-11D3-BF4B-00C04F79EFBC}") = "FileMYParser", "FileMYParser\FileMYParser.csproj", "{71F50493-9B5E-48FB-B8C4-18023E6B6896}"
EndProject
Project("{FAE04EC0-301F-11D3-BF4B-00C04F79EFBC}") = "ICSharpCode.TextEditor", "ICSharpCode.TextEditor\Project\ICSharpCode.TextEditor.csproj", "{2D18BE89-D210-49EB-A9DD-2246FBB3DF6D}"
EndProject
Project("{FAE04EC0-301F-11D3-BF4B-00C04F79EFBC}") = "CanbusTest", "CanbusTest\CanbusTest.csproj", "{01D1232D-6449-45E1-BAFC-62F68B7A3697}"
EndProject
Project("{FAE04EC0-301F-11D3-BF4B-00C04F79EFBC}") = "ConversionToNewSymbolNames", "ConversionToNewSymbolNames\ConversionToNewSymbolNames.csproj", "{E37C1AF0-4715-4E20-871B-8C40E2304B09}"
EndProject
Project("{FAE04EC0-301F-11D3-BF4B-00C04F79EFBC}") = "T7CANLib", "T7CANLib\T7CANLib.csproj", "{3FE690B8-7A3B-425E-913C-BFF7A55F7BC4}"
EndProject
Project("{FAE04EC0-301F-11D3-BF4B-00C04F79EFBC}") = "Canlibtester", "Canlibtester\Canlibtester.csproj", "{49B5D5D0-2011-4654-BF60-7DC2EDE14F83}"
EndProject
Project("{54435603-DBB4-11D2-8724-00A0C9A8B90C}") = "T7SuiteLite", "T7SuiteLite\T7SuiteLite.vdproj", "{B33ED856-7138-48BB-957C-4646B42D189D}"
EndProject
Global
	GlobalSection(SolutionConfigurationPlatforms) = preSolution
		Debug|Any CPU = Debug|Any CPU
		Debug|x86 = Debug|x86
		Release|Any CPU = Release|Any CPU
		Release|x86 = Release|x86
	EndGlobalSection
	GlobalSection(ProjectConfigurationPlatforms) = postSolution
		{3FD286B8-0E90-44EF-861E-490D16A8ABD2}.Debug|Any CPU.ActiveCfg = Debug|Any CPU
		{3FD286B8-0E90-44EF-861E-490D16A8ABD2}.Debug|Any CPU.Build.0 = Debug|Any CPU
		{3FD286B8-0E90-44EF-861E-490D16A8ABD2}.Debug|x86.ActiveCfg = Debug|x86
		{3FD286B8-0E90-44EF-861E-490D16A8ABD2}.Debug|x86.Build.0 = Debug|x86
		{3FD286B8-0E90-44EF-861E-490D16A8ABD2}.Release|Any CPU.ActiveCfg = Release|Any CPU
		{3FD286B8-0E90-44EF-861E-490D16A8ABD2}.Release|Any CPU.Build.0 = Release|Any CPU
		{3FD286B8-0E90-44EF-861E-490D16A8ABD2}.Release|x86.ActiveCfg = Release|x86
		{3FD286B8-0E90-44EF-861E-490D16A8ABD2}.Release|x86.Build.0 = Release|x86
		{D4059D77-DDA1-4B76-8FFB-D5434D934D37}.Debug|Any CPU.ActiveCfg = Debug|Any CPU
		{D4059D77-DDA1-4B76-8FFB-D5434D934D37}.Debug|Any CPU.Build.0 = Debug|Any CPU
		{D4059D77-DDA1-4B76-8FFB-D5434D934D37}.Debug|x86.ActiveCfg = Debug|x86
		{D4059D77-DDA1-4B76-8FFB-D5434D934D37}.Debug|x86.Build.0 = Debug|x86
		{D4059D77-DDA1-4B76-8FFB-D5434D934D37}.Release|Any CPU.ActiveCfg = Release|Any CPU
		{D4059D77-DDA1-4B76-8FFB-D5434D934D37}.Release|Any CPU.Build.0 = Release|Any CPU
		{D4059D77-DDA1-4B76-8FFB-D5434D934D37}.Release|x86.ActiveCfg = Release|x86
		{D4059D77-DDA1-4B76-8FFB-D5434D934D37}.Release|x86.Build.0 = Release|x86
		{61C5605C-0002-45FF-B9AC-B3E131BFC13E}.Debug|Any CPU.ActiveCfg = Debug
		{61C5605C-0002-45FF-B9AC-B3E131BFC13E}.Debug|x86.ActiveCfg = Debug
		{61C5605C-0002-45FF-B9AC-B3E131BFC13E}.Debug|x86.Build.0 = Debug
		{61C5605C-0002-45FF-B9AC-B3E131BFC13E}.Release|Any CPU.ActiveCfg = Release
		{61C5605C-0002-45FF-B9AC-B3E131BFC13E}.Release|x86.ActiveCfg = Release
		{61C5605C-0002-45FF-B9AC-B3E131BFC13E}.Release|x86.Build.0 = Release
		{BD3F077C-AAB4-4A2D-A7AB-B5751AB897C6}.Debug|Any CPU.ActiveCfg = Debug|Any CPU
		{BD3F077C-AAB4-4A2D-A7AB-B5751AB897C6}.Debug|Any CPU.Build.0 = Debug|Any CPU
		{BD3F077C-AAB4-4A2D-A7AB-B5751AB897C6}.Debug|x86.ActiveCfg = Debug|x86
		{BD3F077C-AAB4-4A2D-A7AB-B5751AB897C6}.Debug|x86.Build.0 = Debug|x86
		{BD3F077C-AAB4-4A2D-A7AB-B5751AB897C6}.Release|Any CPU.ActiveCfg = Release|Any CPU
		{BD3F077C-AAB4-4A2D-A7AB-B5751AB897C6}.Release|Any CPU.Build.0 = Release|Any CPU
		{BD3F077C-AAB4-4A2D-A7AB-B5751AB897C6}.Release|x86.ActiveCfg = Release|x86
		{BD3F077C-AAB4-4A2D-A7AB-B5751AB897C6}.Release|x86.Build.0 = Release|x86
		{9C82AC4D-D4DF-48E9-9D79-241CBF0B45E6}.Debug|Any CPU.ActiveCfg = Debug|Any CPU
		{9C82AC4D-D4DF-48E9-9D79-241CBF0B45E6}.Debug|Any CPU.Build.0 = Debug|Any CPU
		{9C82AC4D-D4DF-48E9-9D79-241CBF0B45E6}.Debug|x86.ActiveCfg = Debug|x86
		{9C82AC4D-D4DF-48E9-9D79-241CBF0B45E6}.Debug|x86.Build.0 = Debug|x86
		{9C82AC4D-D4DF-48E9-9D79-241CBF0B45E6}.Release|Any CPU.ActiveCfg = Release|Any CPU
		{9C82AC4D-D4DF-48E9-9D79-241CBF0B45E6}.Release|Any CPU.Build.0 = Release|Any CPU
		{9C82AC4D-D4DF-48E9-9D79-241CBF0B45E6}.Release|x86.ActiveCfg = Release|x86
		{9C82AC4D-D4DF-48E9-9D79-241CBF0B45E6}.Release|x86.Build.0 = Release|x86
		{3464C52A-C980-4BC7-A87E-177636789BFE}.Debug|Any CPU.ActiveCfg = Debug|Any CPU
		{3464C52A-C980-4BC7-A87E-177636789BFE}.Debug|Any CPU.Build.0 = Debug|Any CPU
		{3464C52A-C980-4BC7-A87E-177636789BFE}.Debug|x86.ActiveCfg = Debug|Any CPU
		{3464C52A-C980-4BC7-A87E-177636789BFE}.Release|Any CPU.ActiveCfg = Release|Any CPU
		{3464C52A-C980-4BC7-A87E-177636789BFE}.Release|Any CPU.Build.0 = Release|Any CPU
		{3464C52A-C980-4BC7-A87E-177636789BFE}.Release|x86.ActiveCfg = Release|Any CPU
		{3B2611EA-C3AB-4F06-964E-CAF0FE7DFCA0}.Debug|Any CPU.ActiveCfg = Debug|Any CPU
		{3B2611EA-C3AB-4F06-964E-CAF0FE7DFCA0}.Debug|Any CPU.Build.0 = Debug|Any CPU
		{3B2611EA-C3AB-4F06-964E-CAF0FE7DFCA0}.Debug|x86.ActiveCfg = Debug|x86
		{3B2611EA-C3AB-4F06-964E-CAF0FE7DFCA0}.Debug|x86.Build.0 = Debug|x86
		{3B2611EA-C3AB-4F06-964E-CAF0FE7DFCA0}.Release|Any CPU.ActiveCfg = Release|Any CPU
		{3B2611EA-C3AB-4F06-964E-CAF0FE7DFCA0}.Release|Any CPU.Build.0 = Release|Any CPU
		{3B2611EA-C3AB-4F06-964E-CAF0FE7DFCA0}.Release|x86.ActiveCfg = Release|x86
		{3B2611EA-C3AB-4F06-964E-CAF0FE7DFCA0}.Release|x86.Build.0 = Release|x86
		{61628EFA-DD3B-4889-B327-08A7F0D796A3}.Debug|Any CPU.ActiveCfg = Debug|Any CPU
		{61628EFA-DD3B-4889-B327-08A7F0D796A3}.Debug|Any CPU.Build.0 = Debug|Any CPU
		{61628EFA-DD3B-4889-B327-08A7F0D796A3}.Debug|x86.ActiveCfg = Debug|x86
		{61628EFA-DD3B-4889-B327-08A7F0D796A3}.Debug|x86.Build.0 = Debug|x86
		{61628EFA-DD3B-4889-B327-08A7F0D796A3}.Release|Any CPU.ActiveCfg = Release|Any CPU
		{61628EFA-DD3B-4889-B327-08A7F0D796A3}.Release|Any CPU.Build.0 = Release|Any CPU
		{61628EFA-DD3B-4889-B327-08A7F0D796A3}.Release|x86.ActiveCfg = Release|x86
		{61628EFA-DD3B-4889-B327-08A7F0D796A3}.Release|x86.Build.0 = Release|x86
		{AC3A8E16-F3F5-4DAC-8EDF-E8251AF6B4C2}.Debug|Any CPU.ActiveCfg = Debug|Any CPU
		{AC3A8E16-F3F5-4DAC-8EDF-E8251AF6B4C2}.Debug|Any CPU.Build.0 = Debug|Any CPU
		{AC3A8E16-F3F5-4DAC-8EDF-E8251AF6B4C2}.Debug|x86.ActiveCfg = Debug|x86
		{AC3A8E16-F3F5-4DAC-8EDF-E8251AF6B4C2}.Debug|x86.Build.0 = Debug|x86
		{AC3A8E16-F3F5-4DAC-8EDF-E8251AF6B4C2}.Release|Any CPU.ActiveCfg = Release|Any CPU
		{AC3A8E16-F3F5-4DAC-8EDF-E8251AF6B4C2}.Release|Any CPU.Build.0 = Release|Any CPU
		{AC3A8E16-F3F5-4DAC-8EDF-E8251AF6B4C2}.Release|x86.ActiveCfg = Release|x86
		{AC3A8E16-F3F5-4DAC-8EDF-E8251AF6B4C2}.Release|x86.Build.0 = Release|x86
		{888CCFF9-3452-4239-A8CB-FBA0E6826B94}.Debug|Any CPU.ActiveCfg = Debug
		{888CCFF9-3452-4239-A8CB-FBA0E6826B94}.Debug|x86.ActiveCfg = Debug
		{888CCFF9-3452-4239-A8CB-FBA0E6826B94}.Debug|x86.Build.0 = Debug
		{888CCFF9-3452-4239-A8CB-FBA0E6826B94}.Release|Any CPU.ActiveCfg = Release
		{888CCFF9-3452-4239-A8CB-FBA0E6826B94}.Release|x86.ActiveCfg = Release
		{888CCFF9-3452-4239-A8CB-FBA0E6826B94}.Release|x86.Build.0 = Release
		{73030EB2-50E8-4523-8C37-5F063AF900C4}.Debug|Any CPU.ActiveCfg = Debug|Any CPU
		{73030EB2-50E8-4523-8C37-5F063AF900C4}.Debug|Any CPU.Build.0 = Debug|Any CPU
		{73030EB2-50E8-4523-8C37-5F063AF900C4}.Debug|x86.ActiveCfg = Debug|x86
		{73030EB2-50E8-4523-8C37-5F063AF900C4}.Debug|x86.Build.0 = Debug|x86
		{73030EB2-50E8-4523-8C37-5F063AF900C4}.Release|Any CPU.ActiveCfg = Release|Any CPU
		{73030EB2-50E8-4523-8C37-5F063AF900C4}.Release|Any CPU.Build.0 = Release|Any CPU
		{73030EB2-50E8-4523-8C37-5F063AF900C4}.Release|x86.ActiveCfg = Release|x86
		{73030EB2-50E8-4523-8C37-5F063AF900C4}.Release|x86.Build.0 = Release|x86
		{0E5542E0-FC5D-4F67-950D-9F28C5D1225A}.Debug|Any CPU.ActiveCfg = Debug|Any CPU
		{0E5542E0-FC5D-4F67-950D-9F28C5D1225A}.Debug|Any CPU.Build.0 = Debug|Any CPU
		{0E5542E0-FC5D-4F67-950D-9F28C5D1225A}.Debug|x86.ActiveCfg = Debug|x86
		{0E5542E0-FC5D-4F67-950D-9F28C5D1225A}.Debug|x86.Build.0 = Debug|x86
		{0E5542E0-FC5D-4F67-950D-9F28C5D1225A}.Release|Any CPU.ActiveCfg = Release|Any CPU
		{0E5542E0-FC5D-4F67-950D-9F28C5D1225A}.Release|Any CPU.Build.0 = Release|Any CPU
		{0E5542E0-FC5D-4F67-950D-9F28C5D1225A}.Release|x86.ActiveCfg = Release|x86
		{0E5542E0-FC5D-4F67-950D-9F28C5D1225A}.Release|x86.Build.0 = Release|x86
		{B4218BC9-9736-42B9-BC99-7903FDBEBA28}.Debug|Any CPU.ActiveCfg = Debug|Any CPU
		{B4218BC9-9736-42B9-BC99-7903FDBEBA28}.Debug|Any CPU.Build.0 = Debug|Any CPU
		{B4218BC9-9736-42B9-BC99-7903FDBEBA28}.Debug|x86.ActiveCfg = Debug|x86
		{B4218BC9-9736-42B9-BC99-7903FDBEBA28}.Debug|x86.Build.0 = Debug|x86
		{B4218BC9-9736-42B9-BC99-7903FDBEBA28}.Release|Any CPU.ActiveCfg = Release|Any CPU
		{B4218BC9-9736-42B9-BC99-7903FDBEBA28}.Release|Any CPU.Build.0 = Release|Any CPU
		{B4218BC9-9736-42B9-BC99-7903FDBEBA28}.Release|x86.ActiveCfg = Release|x86
		{B4218BC9-9736-42B9-BC99-7903FDBEBA28}.Release|x86.Build.0 = Release|x86
		{0BB66EC6-FA22-4431-9046-DFC15628ACC6}.Debug|Any CPU.ActiveCfg = Debug|Any CPU
		{0BB66EC6-FA22-4431-9046-DFC15628ACC6}.Debug|Any CPU.Build.0 = Debug|Any CPU
		{0BB66EC6-FA22-4431-9046-DFC15628ACC6}.Debug|x86.ActiveCfg = Debug|x86
		{0BB66EC6-FA22-4431-9046-DFC15628ACC6}.Debug|x86.Build.0 = Debug|x86
		{0BB66EC6-FA22-4431-9046-DFC15628ACC6}.Release|Any CPU.ActiveCfg = Release|Any CPU
		{0BB66EC6-FA22-4431-9046-DFC15628ACC6}.Release|Any CPU.Build.0 = Release|Any CPU
		{0BB66EC6-FA22-4431-9046-DFC15628ACC6}.Release|x86.ActiveCfg = Release|x86
		{0BB66EC6-FA22-4431-9046-DFC15628ACC6}.Release|x86.Build.0 = Release|x86
		{A53A3F2C-5553-405D-BAF0-DE5C779D3E7B}.Debug|Any CPU.ActiveCfg = Debug|Any CPU
		{A53A3F2C-5553-405D-BAF0-DE5C779D3E7B}.Debug|Any CPU.Build.0 = Debug|Any CPU
		{A53A3F2C-5553-405D-BAF0-DE5C779D3E7B}.Debug|x86.ActiveCfg = Debug|x86
		{A53A3F2C-5553-405D-BAF0-DE5C779D3E7B}.Debug|x86.Build.0 = Debug|x86
		{A53A3F2C-5553-405D-BAF0-DE5C779D3E7B}.Release|Any CPU.ActiveCfg = Release|Any CPU
		{A53A3F2C-5553-405D-BAF0-DE5C779D3E7B}.Release|Any CPU.Build.0 = Release|Any CPU
		{A53A3F2C-5553-405D-BAF0-DE5C779D3E7B}.Release|x86.ActiveCfg = Release|x86
		{A53A3F2C-5553-405D-BAF0-DE5C779D3E7B}.Release|x86.Build.0 = Release|x86
		{FFB5F5BC-D457-495B-B1B2-7722DF0BF59D}.Debug|Any CPU.ActiveCfg = Debug|Any CPU
		{FFB5F5BC-D457-495B-B1B2-7722DF0BF59D}.Debug|Any CPU.Build.0 = Debug|Any CPU
		{FFB5F5BC-D457-495B-B1B2-7722DF0BF59D}.Debug|x86.ActiveCfg = Debug|x86
		{FFB5F5BC-D457-495B-B1B2-7722DF0BF59D}.Debug|x86.Build.0 = Debug|x86
		{FFB5F5BC-D457-495B-B1B2-7722DF0BF59D}.Release|Any CPU.ActiveCfg = Release|Any CPU
		{FFB5F5BC-D457-495B-B1B2-7722DF0BF59D}.Release|Any CPU.Build.0 = Release|Any CPU
		{FFB5F5BC-D457-495B-B1B2-7722DF0BF59D}.Release|x86.ActiveCfg = Release|x86
		{FFB5F5BC-D457-495B-B1B2-7722DF0BF59D}.Release|x86.Build.0 = Release|x86
		{E84D22DD-4C5C-402D-89E9-3075702BB3F9}.Debug|Any CPU.ActiveCfg = Debug|Any CPU
		{E84D22DD-4C5C-402D-89E9-3075702BB3F9}.Debug|Any CPU.Build.0 = Debug|Any CPU
		{E84D22DD-4C5C-402D-89E9-3075702BB3F9}.Debug|x86.ActiveCfg = Debug|x86
		{E84D22DD-4C5C-402D-89E9-3075702BB3F9}.Debug|x86.Build.0 = Debug|x86
		{E84D22DD-4C5C-402D-89E9-3075702BB3F9}.Release|Any CPU.ActiveCfg = Release|Any CPU
		{E84D22DD-4C5C-402D-89E9-3075702BB3F9}.Release|Any CPU.Build.0 = Release|Any CPU
		{E84D22DD-4C5C-402D-89E9-3075702BB3F9}.Release|x86.ActiveCfg = Release|x86
		{E84D22DD-4C5C-402D-89E9-3075702BB3F9}.Release|x86.Build.0 = Release|x86
		{FF4AA423-EEC2-497D-B68A-DDD9250EB047}.Debug|Any CPU.ActiveCfg = Debug|Any CPU
		{FF4AA423-EEC2-497D-B68A-DDD9250EB047}.Debug|Any CPU.Build.0 = Debug|Any CPU
		{FF4AA423-EEC2-497D-B68A-DDD9250EB047}.Debug|x86.ActiveCfg = Debug|x86
		{FF4AA423-EEC2-497D-B68A-DDD9250EB047}.Debug|x86.Build.0 = Debug|x86
		{FF4AA423-EEC2-497D-B68A-DDD9250EB047}.Release|Any CPU.ActiveCfg = Release|Any CPU
		{FF4AA423-EEC2-497D-B68A-DDD9250EB047}.Release|Any CPU.Build.0 = Release|Any CPU
		{FF4AA423-EEC2-497D-B68A-DDD9250EB047}.Release|x86.ActiveCfg = Release|x86
		{FF4AA423-EEC2-497D-B68A-DDD9250EB047}.Release|x86.Build.0 = Release|x86
		{71F50493-9B5E-48FB-B8C4-18023E6B6896}.Debug|Any CPU.ActiveCfg = Debug|Any CPU
		{71F50493-9B5E-48FB-B8C4-18023E6B6896}.Debug|Any CPU.Build.0 = Debug|Any CPU
		{71F50493-9B5E-48FB-B8C4-18023E6B6896}.Debug|x86.ActiveCfg = Debug|Any CPU
		{71F50493-9B5E-48FB-B8C4-18023E6B6896}.Release|Any CPU.ActiveCfg = Release|Any CPU
		{71F50493-9B5E-48FB-B8C4-18023E6B6896}.Release|Any CPU.Build.0 = Release|Any CPU
		{71F50493-9B5E-48FB-B8C4-18023E6B6896}.Release|x86.ActiveCfg = Release|Any CPU
		{2D18BE89-D210-49EB-A9DD-2246FBB3DF6D}.Debug|Any CPU.ActiveCfg = Debug|Any CPU
		{2D18BE89-D210-49EB-A9DD-2246FBB3DF6D}.Debug|Any CPU.Build.0 = Debug|Any CPU
		{2D18BE89-D210-49EB-A9DD-2246FBB3DF6D}.Debug|x86.ActiveCfg = Debug|Any CPU
		{2D18BE89-D210-49EB-A9DD-2246FBB3DF6D}.Release|Any CPU.ActiveCfg = Release|Any CPU
		{2D18BE89-D210-49EB-A9DD-2246FBB3DF6D}.Release|Any CPU.Build.0 = Release|Any CPU
		{2D18BE89-D210-49EB-A9DD-2246FBB3DF6D}.Release|x86.ActiveCfg = Release|Any CPU
		{01D1232D-6449-45E1-BAFC-62F68B7A3697}.Debug|Any CPU.ActiveCfg = Debug|Any CPU
		{01D1232D-6449-45E1-BAFC-62F68B7A3697}.Debug|Any CPU.Build.0 = Debug|Any CPU
		{01D1232D-6449-45E1-BAFC-62F68B7A3697}.Debug|x86.ActiveCfg = Debug|Any CPU
		{01D1232D-6449-45E1-BAFC-62F68B7A3697}.Release|Any CPU.ActiveCfg = Release|Any CPU
		{01D1232D-6449-45E1-BAFC-62F68B7A3697}.Release|Any CPU.Build.0 = Release|Any CPU
		{01D1232D-6449-45E1-BAFC-62F68B7A3697}.Release|x86.ActiveCfg = Release|Any CPU
		{E37C1AF0-4715-4E20-871B-8C40E2304B09}.Debug|Any CPU.ActiveCfg = Debug|Any CPU
		{E37C1AF0-4715-4E20-871B-8C40E2304B09}.Debug|Any CPU.Build.0 = Debug|Any CPU
		{E37C1AF0-4715-4E20-871B-8C40E2304B09}.Debug|x86.ActiveCfg = Debug|Any CPU
		{E37C1AF0-4715-4E20-871B-8C40E2304B09}.Release|Any CPU.ActiveCfg = Release|Any CPU
		{E37C1AF0-4715-4E20-871B-8C40E2304B09}.Release|Any CPU.Build.0 = Release|Any CPU
		{E37C1AF0-4715-4E20-871B-8C40E2304B09}.Release|x86.ActiveCfg = Release|Any CPU
		{3FE690B8-7A3B-425E-913C-BFF7A55F7BC4}.Debug|Any CPU.ActiveCfg = Debug|Any CPU
		{3FE690B8-7A3B-425E-913C-BFF7A55F7BC4}.Debug|Any CPU.Build.0 = Debug|Any CPU
		{3FE690B8-7A3B-425E-913C-BFF7A55F7BC4}.Debug|x86.ActiveCfg = Debug|Any CPU
		{3FE690B8-7A3B-425E-913C-BFF7A55F7BC4}.Release|Any CPU.ActiveCfg = Release|Any CPU
		{3FE690B8-7A3B-425E-913C-BFF7A55F7BC4}.Release|Any CPU.Build.0 = Release|Any CPU
		{3FE690B8-7A3B-425E-913C-BFF7A55F7BC4}.Release|x86.ActiveCfg = Release|Any CPU
		{49B5D5D0-2011-4654-BF60-7DC2EDE14F83}.Debug|Any CPU.ActiveCfg = Debug|Any CPU
		{49B5D5D0-2011-4654-BF60-7DC2EDE14F83}.Debug|Any CPU.Build.0 = Debug|Any CPU
		{49B5D5D0-2011-4654-BF60-7DC2EDE14F83}.Debug|x86.ActiveCfg = Debug|Any CPU
		{49B5D5D0-2011-4654-BF60-7DC2EDE14F83}.Release|Any CPU.ActiveCfg = Release|Any CPU
		{49B5D5D0-2011-4654-BF60-7DC2EDE14F83}.Release|Any CPU.Build.0 = Release|Any CPU
		{49B5D5D0-2011-4654-BF60-7DC2EDE14F83}.Release|x86.ActiveCfg = Release|Any CPU
		{B33ED856-7138-48BB-957C-4646B42D189D}.Debug|Any CPU.ActiveCfg = Debug
		{B33ED856-7138-48BB-957C-4646B42D189D}.Debug|x86.ActiveCfg = Debug
		{B33ED856-7138-48BB-957C-4646B42D189D}.Release|Any CPU.ActiveCfg = Release
		{B33ED856-7138-48BB-957C-4646B42D189D}.Release|x86.ActiveCfg = Release
	EndGlobalSection
	GlobalSection(SolutionProperties) = preSolution
		HideSolutionNode = FALSE
	EndGlobalSection
EndGlobal
