
Microsoft Visual Studio Solution File, Format Version 11.00
# Visual Studio 2010
Project("{FAE04EC0-301F-11D3-BF4B-00C04F79EFBC}") = "T7", "T7\T7.csproj", "{3FD286B8-0E90-44EF-861E-490D16A8ABD2}"
	ProjectSection(ProjectDependencies) = postProject
		{A53A3F2C-5553-405D-BAF0-DE5C779D3E7B} = {A53A3F2C-5553-405D-BAF0-DE5C779D3E7B}
		{2D18BE89-D210-49EB-A9DD-2246FBB3DF6D} = {2D18BE89-D210-49EB-A9DD-2246FBB3DF6D}
		{0253E98B-6374-48AA-8740-89BC2939FF77} = {0253E98B-6374-48AA-8740-89BC2939FF77}
		{FFB5F5BC-D457-495B-B1B2-7722DF0BF59D} = {FFB5F5BC-D457-495B-B1B2-7722DF0BF59D}
		{61FE31C4-B244-4C13-BAF6-F66857F0B88E} = {61FE31C4-B244-4C13-BAF6-F66857F0B88E}
		{B4218BC9-9736-42B9-BC99-7903FDBEBA28} = {B4218BC9-9736-42B9-BC99-7903FDBEBA28}
	EndProjectSection
EndProject
Project("{FAE04EC0-301F-11D3-BF4B-00C04F79EFBC}") = "AquaGauge", "AquaGauge\AquaGauge.csproj", "{0E5542E0-FC5D-4F67-950D-9F28C5D1225A}"
EndProject
Project("{FAE04EC0-301F-11D3-BF4B-00C04F79EFBC}") = "LBIndustrialCtrls", "LBIndustrialCtrls\LBIndustrialCtrls.csproj", "{B4218BC9-9736-42B9-BC99-7903FDBEBA28}"
EndProject
Project("{FAE04EC0-301F-11D3-BF4B-00C04F79EFBC}") = "ProCharts", "ProCharts\ProCharts.csproj", "{0BB66EC6-FA22-4431-9046-DFC15628ACC6}"
EndProject
Project("{FAE04EC0-301F-11D3-BF4B-00C04F79EFBC}") = "ProGauges", "ProGauges\ProGauges.csproj", "{A53A3F2C-5553-405D-BAF0-DE5C779D3E7B}"
EndProject
Project("{FAE04EC0-301F-11D3-BF4B-00C04F79EFBC}") = "RealtimeGraph", "RealtimeGraph\RealtimeGraph.csproj", "{FFB5F5BC-D457-495B-B1B2-7722DF0BF59D}"
EndProject
Project("{FAE04EC0-301F-11D3-BF4B-00C04F79EFBC}") = "ICSharpCode.TextEditor", "ICSharpCode.TextEditor\ICSharpCode.TextEditor.csproj", "{2D18BE89-D210-49EB-A9DD-2246FBB3DF6D}"
EndProject
Project("{FAE04EC0-301F-11D3-BF4B-00C04F79EFBC}") = "T7UnitTests", "T7\UnitTests\T7UnitTests.csproj", "{2CCA21B1-A82F-456B-A531-311E2A9318ED}"
EndProject
Project("{54435603-DBB4-11D2-8724-00A0C9A8B90C}") = "SetupT7Suite", "SetupT7Suite\SetupT7Suite.vdproj", "{C218EC8E-203B-465E-B511-27884D86603A}"
EndProject
Project("{FAE04EC0-301F-11D3-BF4B-00C04F79EFBC}") = "PSTaskDialog", "PSTaskDialog\PSTaskDialog\PSTaskDialog.csproj", "{0253E98B-6374-48AA-8740-89BC2939FF77}"
EndProject
Project("{FAE04EC0-301F-11D3-BF4B-00C04F79EFBC}") = "CommonSuite", "..\CommonSuite\CommonSuite.csproj", "{61FE31C4-B244-4C13-BAF6-F66857F0B88E}"
EndProject
Global
	GlobalSection(SolutionConfigurationPlatforms) = preSolution
		Debug|Any CPU = Debug|Any CPU
		Debug|x86 = Debug|x86
		Release|Any CPU = Release|Any CPU
		Release|x86 = Release|x86
	EndGlobalSection
	GlobalSection(ProjectConfigurationPlatforms) = postSolution
		{3FD286B8-0E90-44EF-861E-490D16A8ABD2}.Debug|Any CPU.ActiveCfg = Debug|Any CPU
		{3FD286B8-0E90-44EF-861E-490D16A8ABD2}.Debug|Any CPU.Build.0 = Debug|Any CPU
		{3FD286B8-0E90-44EF-861E-490D16A8ABD2}.Debug|x86.ActiveCfg = Debug|x86
		{3FD286B8-0E90-44EF-861E-490D16A8ABD2}.Debug|x86.Build.0 = Debug|x86
		{3FD286B8-0E90-44EF-861E-490D16A8ABD2}.Release|Any CPU.ActiveCfg = Release|Any CPU
		{3FD286B8-0E90-44EF-861E-490D16A8ABD2}.Release|Any CPU.Build.0 = Release|Any CPU
		{3FD286B8-0E90-44EF-861E-490D16A8ABD2}.Release|x86.ActiveCfg = Release|x86
		{3FD286B8-0E90-44EF-861E-490D16A8ABD2}.Release|x86.Build.0 = Release|x86
		{0E5542E0-FC5D-4F67-950D-9F28C5D1225A}.Debug|Any CPU.ActiveCfg = Debug|Any CPU
		{0E5542E0-FC5D-4F67-950D-9F28C5D1225A}.Debug|Any CPU.Build.0 = Debug|Any CPU
		{0E5542E0-FC5D-4F67-950D-9F28C5D1225A}.Debug|x86.ActiveCfg = Debug|x86
		{0E5542E0-FC5D-4F67-950D-9F28C5D1225A}.Debug|x86.Build.0 = Debug|x86
		{0E5542E0-FC5D-4F67-950D-9F28C5D1225A}.Release|Any CPU.ActiveCfg = Release|Any CPU
		{0E5542E0-FC5D-4F67-950D-9F28C5D1225A}.Release|Any CPU.Build.0 = Release|Any CPU
		{0E5542E0-FC5D-4F67-950D-9F28C5D1225A}.Release|x86.ActiveCfg = Release|x86
		{0E5542E0-FC5D-4F67-950D-9F28C5D1225A}.Release|x86.Build.0 = Release|x86
		{B4218BC9-9736-42B9-BC99-7903FDBEBA28}.Debug|Any CPU.ActiveCfg = Debug|Any CPU
		{B4218BC9-9736-42B9-BC99-7903FDBEBA28}.Debug|Any CPU.Build.0 = Debug|Any CPU
		{B4218BC9-9736-42B9-BC99-7903FDBEBA28}.Debug|x86.ActiveCfg = Debug|x86
		{B4218BC9-9736-42B9-BC99-7903FDBEBA28}.Debug|x86.Build.0 = Debug|x86
		{B4218BC9-9736-42B9-BC99-7903FDBEBA28}.Release|Any CPU.ActiveCfg = Release|Any CPU
		{B4218BC9-9736-42B9-BC99-7903FDBEBA28}.Release|Any CPU.Build.0 = Release|Any CPU
		{B4218BC9-9736-42B9-BC99-7903FDBEBA28}.Release|x86.ActiveCfg = Release|x86
		{B4218BC9-9736-42B9-BC99-7903FDBEBA28}.Release|x86.Build.0 = Release|x86
		{0BB66EC6-FA22-4431-9046-DFC15628ACC6}.Debug|Any CPU.ActiveCfg = Debug|Any CPU
		{0BB66EC6-FA22-4431-9046-DFC15628ACC6}.Debug|Any CPU.Build.0 = Debug|Any CPU
		{0BB66EC6-FA22-4431-9046-DFC15628ACC6}.Debug|x86.ActiveCfg = Debug|x86
		{0BB66EC6-FA22-4431-9046-DFC15628ACC6}.Debug|x86.Build.0 = Debug|x86
		{0BB66EC6-FA22-4431-9046-DFC15628ACC6}.Release|Any CPU.ActiveCfg = Release|Any CPU
		{0BB66EC6-FA22-4431-9046-DFC15628ACC6}.Release|Any CPU.Build.0 = Release|Any CPU
		{0BB66EC6-FA22-4431-9046-DFC15628ACC6}.Release|x86.ActiveCfg = Release|x86
		{0BB66EC6-FA22-4431-9046-DFC15628ACC6}.Release|x86.Build.0 = Release|x86
		{A53A3F2C-5553-405D-BAF0-DE5C779D3E7B}.Debug|Any CPU.ActiveCfg = Debug|Any CPU
		{A53A3F2C-5553-405D-BAF0-DE5C779D3E7B}.Debug|Any CPU.Build.0 = Debug|Any CPU
		{A53A3F2C-5553-405D-BAF0-DE5C779D3E7B}.Debug|x86.ActiveCfg = Debug|x86
		{A53A3F2C-5553-405D-BAF0-DE5C779D3E7B}.Debug|x86.Build.0 = Debug|x86
		{A53A3F2C-5553-405D-BAF0-DE5C779D3E7B}.Release|Any CPU.ActiveCfg = Release|Any CPU
		{A53A3F2C-5553-405D-BAF0-DE5C779D3E7B}.Release|Any CPU.Build.0 = Release|Any CPU
		{A53A3F2C-5553-405D-BAF0-DE5C779D3E7B}.Release|x86.ActiveCfg = Release|x86
		{A53A3F2C-5553-405D-BAF0-DE5C779D3E7B}.Release|x86.Build.0 = Release|x86
		{FFB5F5BC-D457-495B-B1B2-7722DF0BF59D}.Debug|Any CPU.ActiveCfg = Debug|Any CPU
		{FFB5F5BC-D457-495B-B1B2-7722DF0BF59D}.Debug|Any CPU.Build.0 = Debug|Any CPU
		{FFB5F5BC-D457-495B-B1B2-7722DF0BF59D}.Debug|x86.ActiveCfg = Debug|x86
		{FFB5F5BC-D457-495B-B1B2-7722DF0BF59D}.Debug|x86.Build.0 = Debug|x86
		{FFB5F5BC-D457-495B-B1B2-7722DF0BF59D}.Release|Any CPU.ActiveCfg = Release|Any CPU
		{FFB5F5BC-D457-495B-B1B2-7722DF0BF59D}.Release|Any CPU.Build.0 = Release|Any CPU
		{FFB5F5BC-D457-495B-B1B2-7722DF0BF59D}.Release|x86.ActiveCfg = Release|x86
		{FFB5F5BC-D457-495B-B1B2-7722DF0BF59D}.Release|x86.Build.0 = Release|x86
		{2D18BE89-D210-49EB-A9DD-2246FBB3DF6D}.Debug|Any CPU.ActiveCfg = Debug|Any CPU
		{2D18BE89-D210-49EB-A9DD-2246FBB3DF6D}.Debug|Any CPU.Build.0 = Debug|Any CPU
		{2D18BE89-D210-49EB-A9DD-2246FBB3DF6D}.Debug|x86.ActiveCfg = Debug|Any CPU
		{2D18BE89-D210-49EB-A9DD-2246FBB3DF6D}.Release|Any CPU.ActiveCfg = Release|Any CPU
		{2D18BE89-D210-49EB-A9DD-2246FBB3DF6D}.Release|Any CPU.Build.0 = Release|Any CPU
		{2D18BE89-D210-49EB-A9DD-2246FBB3DF6D}.Release|x86.ActiveCfg = Release|Any CPU
		{2CCA21B1-A82F-456B-A531-311E2A9318ED}.Debug|Any CPU.ActiveCfg = Debug|Any CPU
		{2CCA21B1-A82F-456B-A531-311E2A9318ED}.Debug|Any CPU.Build.0 = Debug|Any CPU
		{2CCA21B1-A82F-456B-A531-311E2A9318ED}.Debug|x86.ActiveCfg = Debug|x86
		{2CCA21B1-A82F-456B-A531-311E2A9318ED}.Release|Any CPU.ActiveCfg = Release|Any CPU
		{2CCA21B1-A82F-456B-A531-311E2A9318ED}.Release|Any CPU.Build.0 = Release|Any CPU
		{2CCA21B1-A82F-456B-A531-311E2A9318ED}.Release|x86.ActiveCfg = Release|Any CPU
		{C218EC8E-203B-465E-B511-27884D86603A}.Debug|Any CPU.ActiveCfg = Debug
		{C218EC8E-203B-465E-B511-27884D86603A}.Debug|x86.ActiveCfg = Debug
		{C218EC8E-203B-465E-B511-27884D86603A}.Release|Any CPU.ActiveCfg = Release
		{C218EC8E-203B-465E-B511-27884D86603A}.Release|x86.ActiveCfg = Release
		{0253E98B-6374-48AA-8740-89BC2939FF77}.Debug|Any CPU.ActiveCfg = Debug|Any CPU
		{0253E98B-6374-48AA-8740-89BC2939FF77}.Debug|Any CPU.Build.0 = Debug|Any CPU
		{0253E98B-6374-48AA-8740-89BC2939FF77}.Debug|x86.ActiveCfg = Debug|Any CPU
		{0253E98B-6374-48AA-8740-89BC2939FF77}.Release|Any CPU.ActiveCfg = Release|Any CPU
		{0253E98B-6374-48AA-8740-89BC2939FF77}.Release|Any CPU.Build.0 = Release|Any CPU
		{0253E98B-6374-48AA-8740-89BC2939FF77}.Release|x86.ActiveCfg = Release|Any CPU
		{61FE31C4-B244-4C13-BAF6-F66857F0B88E}.Debug|Any CPU.ActiveCfg = Debug|Any CPU
		{61FE31C4-B244-4C13-BAF6-F66857F0B88E}.Debug|Any CPU.Build.0 = Debug|Any CPU
		{61FE31C4-B244-4C13-BAF6-F66857F0B88E}.Debug|x86.ActiveCfg = Debug|Any CPU
		{61FE31C4-B244-4C13-BAF6-F66857F0B88E}.Release|Any CPU.ActiveCfg = Release|Any CPU
		{61FE31C4-B244-4C13-BAF6-F66857F0B88E}.Release|Any CPU.Build.0 = Release|Any CPU
		{61FE31C4-B244-4C13-BAF6-F66857F0B88E}.Release|x86.ActiveCfg = Release|Any CPU
	EndGlobalSection
	GlobalSection(SolutionProperties) = preSolution
		HideSolutionNode = FALSE
	EndGlobalSection
EndGlobal
