Microsoft Visual Studio Solution File, Format Version 7.00
Project("{FAE04EC0-301F-11D3-BF4B-00C04F79EFBC}") = "LEDRadioButton", "LEDRadioButton.csproj", "{98096340-5853-42D0-8B2F-1CD364C5A152}"
EndProject
Global
	GlobalSection(SolutionConfiguration) = preSolution
		ConfigName.0 = Debug
		ConfigName.1 = Release
	EndGlobalSection
	GlobalSection(ProjectDependencies) = postSolution
	EndGlobalSection
	GlobalSection(ProjectConfiguration) = postSolution
		{98096340-5853-42D0-8B2F-1CD364C5A152}.Debug.ActiveCfg = Release|.NET
		{98096340-5853-42D0-8B2F-1CD364C5A152}.Debug.Build.0 = Release|.NET
		{98096340-5853-42D0-8B2F-1CD364C5A152}.Release.ActiveCfg = Release|.NET
		{98096340-5853-42D0-8B2F-1CD364C5A152}.Release.Build.0 = Release|.NET
	EndGlobalSection
	GlobalSection(ExtensibilityGlobals) = postSolution
	EndGlobalSection
	GlobalSection(ExtensibilityAddIns) = postSolution
	EndGlobalSection
EndGlobal
