
Microsoft Visual Studio Solution File, Format Version 10.00
# Visual Studio 2008
Project("{FAE04EC0-301F-11D3-BF4B-00C04F79EFBC}") = "T8SuitePro", "T8SuitePro.csproj", "{F5BA4A6C-5D17-44A1-B8FD-BF2F1DFCEC24}"
EndProject
Global
	GlobalSection(SolutionConfigurationPlatforms) = preSolution
		Debug|Any CPU = Debug|Any CPU
		Debug|x86 = Debug|x86
		Release|Any CPU = Release|Any CPU
		Release|x86 = Release|x86
	EndGlobalSection
	GlobalSection(ProjectConfigurationPlatforms) = postSolution
		{F5BA4A6C-5D17-44A1-B8FD-BF2F1DFCEC24}.Debug|Any CPU.ActiveCfg = Debug|Any CPU
		{F5BA4A6C-5D17-44A1-B8FD-BF2F1DFCEC24}.Debug|Any CPU.Build.0 = Debug|Any CPU
		{F5BA4A6C-5D17-44A1-B8FD-BF2F1DFCEC24}.Debug|x86.ActiveCfg = Debug|x86
		{F5BA4A6C-5D17-44A1-B8FD-BF2F1DFCEC24}.Debug|x86.Build.0 = Debug|x86
		{F5BA4A6C-5D17-44A1-B8FD-BF2F1DFCEC24}.Release|Any CPU.ActiveCfg = Release|Any CPU
		{F5BA4A6C-5D17-44A1-B8FD-BF2F1DFCEC24}.Release|Any CPU.Build.0 = Release|Any CPU
		{F5BA4A6C-5D17-44A1-B8FD-BF2F1DFCEC24}.Release|x86.ActiveCfg = Release|x86
		{F5BA4A6C-5D17-44A1-B8FD-BF2F1DFCEC24}.Release|x86.Build.0 = Release|x86
	EndGlobalSection
	GlobalSection(SolutionProperties) = preSolution
		HideSolutionNode = FALSE
	EndGlobalSection
EndGlobal
